{
	"name": "ws-domain",
	"version": "0.1.0",
	"lockfileVersion": 2,
	"requires": true,
	"packages": {
		"": {
			"version": "0.1.0",
			"license": "MIT",
			"dependencies": {
				"build-url": "^6.0.1",
				"isomorphic-ws": "^4.0.1",
				"uuid": "^8.3.2",
				"ws": "^7.5.3"
			},
			"devDependencies": {
				"@types/node": "^16.7.5",
				"@types/uuid": "^8.3.1",
				"typescript": "^4.4.2"
			}
		},
		"node_modules/@types/node": {
			"version": "16.7.5",
			"resolved": "https://registry.npmjs.org/@types/node/-/node-16.7.5.tgz",
			"integrity": "sha512-E7SpxDXoHEpmZ9C1gSqwadhE6zPRtf3g0gJy9Y51DsImnR5TcDs3QEiV/3Q7zOM8LWaZp5Gph71NK6ElVMG1IQ==",
			"dev": true
		},
		"node_modules/@types/uuid": {
			"version": "8.3.1",
			"resolved": "https://registry.npmjs.org/@types/uuid/-/uuid-8.3.1.tgz",
			"integrity": "sha512-Y2mHTRAbqfFkpjldbkHGY8JIzRN6XqYRliG8/24FcHm2D2PwW24fl5xMRTVGdrb7iMrwCaIEbLWerGIkXuFWVg==",
			"dev": true
		},
		"node_modules/build-url": {
			"version": "6.0.1",
			"resolved": "https://registry.npmjs.org/build-url/-/build-url-6.0.1.tgz",
			"integrity": "sha512-FEmyP+3hCVoBBxGZEfC8WCTvqASZb+QOvTznddKCBgdxZFqTww1+7vtZP0TUIL0/8sup0m0QpKaOaj/V4Mol0w==",
			"deprecated": "This package is no longer maintained"
		},
		"node_modules/isomorphic-ws": {
			"version": "4.0.1",
			"resolved": "https://registry.npmjs.org/isomorphic-ws/-/isomorphic-ws-4.0.1.tgz",
			"integrity": "sha512-BhBvN2MBpWTaSHdWRb/bwdZJ1WaehQ2L1KngkCkfLUGF0mAWAT1sQUQacEmQ0jXkFw/czDXPNQSL5u2/Krsz1w==",
			"peerDependencies": {
				"ws": "*"
			}
		},
		"node_modules/typescript": {
			"version": "4.4.2",
			"resolved": "https://registry.npmjs.org/typescript/-/typescript-4.4.2.tgz",
			"integrity": "sha512-gzP+t5W4hdy4c+68bfcv0t400HVJMMd2+H9B7gae1nQlBzCqvrXX+6GL/b3GAgyTH966pzrZ70/fRjwAtZksSQ==",
			"dev": true,
			"bin": {
				"tsc": "bin/tsc",
				"tsserver": "bin/tsserver"
			},
			"engines": {
				"node": ">=4.2.0"
			}
		},
		"node_modules/uuid": {
			"version": "8.3.2",
			"resolved": "https://registry.npmjs.org/uuid/-/uuid-8.3.2.tgz",
			"integrity": "sha512-+NYs2QeMWy+GWFOEm9xnn6HCDp0l7QBD7ml8zLUmJ+93Q5NF0NocErnwkTkXVFNiX3/fpC6afS8Dhb/gz7R7eg==",
			"bin": {
				"uuid": "dist/bin/uuid"
			}
		},
		"node_modules/ws": {
			"version": "7.5.4",
			"resolved": "https://registry.npmjs.org/ws/-/ws-7.5.4.tgz",
			"integrity": "sha512-zP9z6GXm6zC27YtspwH99T3qTG7bBFv2VIkeHstMLrLlDJuzA7tQ5ls3OJ1hOGGCzTQPniNJoHXIAOS0Jljohg==",
			"engines": {
				"node": ">=8.3.0"
			},
			"peerDependencies": {
				"bufferutil": "^4.0.1",
				"utf-8-validate": "^5.0.2"
			},
			"peerDependenciesMeta": {
				"bufferutil": {
					"optional": true
				},
				"utf-8-validate": {
					"optional": true
				}
			}
		}
	},
	"dependencies": {
		"@types/node": {
			"version": "16.7.5",
			"resolved": "https://registry.npmjs.org/@types/node/-/node-16.7.5.tgz",
			"integrity": "sha512-E7SpxDXoHEpmZ9C1gSqwadhE6zPRtf3g0gJy9Y51DsImnR5TcDs3QEiV/3Q7zOM8LWaZp5Gph71NK6ElVMG1IQ==",
			"dev": true
		},
		"@types/uuid": {
			"version": "8.3.1",
			"resolved": "https://registry.npmjs.org/@types/uuid/-/uuid-8.3.1.tgz",
			"integrity": "sha512-Y2mHTRAbqfFkpjldbkHGY8JIzRN6XqYRliG8/24FcHm2D2PwW24fl5xMRTVGdrb7iMrwCaIEbLWerGIkXuFWVg==",
			"dev": true
		},
		"build-url": {
			"version": "6.0.1",
			"resolved": "https://registry.npmjs.org/build-url/-/build-url-6.0.1.tgz",
			"integrity": "sha512-FEmyP+3hCVoBBxGZEfC8WCTvqASZb+QOvTznddKCBgdxZFqTww1+7vtZP0TUIL0/8sup0m0QpKaOaj/V4Mol0w=="
		},
		"isomorphic-ws": {
			"version": "4.0.1",
			"resolved": "https://registry.npmjs.org/isomorphic-ws/-/isomorphic-ws-4.0.1.tgz",
			"integrity": "sha512-BhBvN2MBpWTaSHdWRb/bwdZJ1WaehQ2L1KngkCkfLUGF0mAWAT1sQUQacEmQ0jXkFw/czDXPNQSL5u2/Krsz1w==",
			"requires": {}
		},
		"typescript": {
			"version": "4.4.2",
			"resolved": "https://registry.npmjs.org/typescript/-/typescript-4.4.2.tgz",
			"integrity": "sha512-gzP+t5W4hdy4c+68bfcv0t400HVJMMd2+H9B7gae1nQlBzCqvrXX+6GL/b3GAgyTH966pzrZ70/fRjwAtZksSQ==",
			"dev": true
		},
		"uuid": {
			"version": "8.3.2",
			"resolved": "https://registry.npmjs.org/uuid/-/uuid-8.3.2.tgz",
			"integrity": "sha512-+NYs2QeMWy+GWFOEm9xnn6HCDp0l7QBD7ml8zLUmJ+93Q5NF0NocErnwkTkXVFNiX3/fpC6afS8Dhb/gz7R7eg=="
		},
		"ws": {
			"version": "7.5.4",
			"resolved": "https://registry.npmjs.org/ws/-/ws-7.5.4.tgz",
			"integrity": "sha512-zP9z6GXm6zC27YtspwH99T3qTG7bBFv2VIkeHstMLrLlDJuzA7tQ5ls3OJ1hOGGCzTQPniNJoHXIAOS0Jljohg==",
			"requires": {}
		}
	}
}
