{
	"name": "common-file-system",
	"version": "0.3.0",
	"lockfileVersion": 2,
	"requires": true,
	"packages": {
		"": {
			"version": "0.2.0",
			"license": "MIT",
			"dependencies": {
				"mime-types": "^2.1.32",
				"web-streams-node": "^0.4.0"
			},
			"devDependencies": {
				"@types/mime-types": "^2.1.1",
				"@types/node": "^16.7.5",
				"typescript": "^4.4.2"
			}
		},
		"node_modules/@types/mime-types": {
			"version": "2.1.1",
			"resolved": "https://registry.npmjs.org/@types/mime-types/-/mime-types-2.1.1.tgz",
			"integrity": "sha512-vXOTGVSLR2jMw440moWTC7H19iUyLtP3Z1YTj7cSsubOICinjMxFeb/V57v9QdyyPGbbWolUFSSmSiRSn94tFw==",
			"dev": true
		},
		"node_modules/@types/node": {
			"version": "16.7.5",
			"resolved": "https://registry.npmjs.org/@types/node/-/node-16.7.5.tgz",
			"integrity": "sha512-E7SpxDXoHEpmZ9C1gSqwadhE6zPRtf3g0gJy9Y51DsImnR5TcDs3QEiV/3Q7zOM8LWaZp5Gph71NK6ElVMG1IQ==",
			"dev": true
		},
		"node_modules/is-stream": {
			"version": "1.1.0",
			"resolved": "https://registry.npmjs.org/is-stream/-/is-stream-1.1.0.tgz",
			"integrity": "sha1-EtSj3U5o4Lec6428hBc66A2RykQ=",
			"engines": {
				"node": ">=0.10.0"
			}
		},
		"node_modules/mime-db": {
			"version": "1.49.0",
			"resolved": "https://registry.npmjs.org/mime-db/-/mime-db-1.49.0.tgz",
			"integrity": "sha512-CIc8j9URtOVApSFCQIF+VBkX1RwXp/oMMOrqdyXSBXq5RWNEsRfyj1kiRnQgmNXmHxPoFIxOroKA3zcU9P+nAA==",
			"engines": {
				"node": ">= 0.6"
			}
		},
		"node_modules/mime-types": {
			"version": "2.1.32",
			"resolved": "https://registry.npmjs.org/mime-types/-/mime-types-2.1.32.tgz",
			"integrity": "sha512-hJGaVS4G4c9TSMYh2n6SQAGrC4RnfU+daP8G7cSCmaqNjiOoUY0VHCMS42pxnQmVF1GWwFhbHWn3RIxCqTmZ9A==",
			"dependencies": {
				"mime-db": "1.49.0"
			},
			"engines": {
				"node": ">= 0.6"
			}
		},
		"node_modules/readable-stream-node-to-web": {
			"version": "1.0.1",
			"resolved": "https://registry.npmjs.org/readable-stream-node-to-web/-/readable-stream-node-to-web-1.0.1.tgz",
			"integrity": "sha1-i3YU+qFGXr+g2pucpjA/onBzt88="
		},
		"node_modules/typescript": {
			"version": "4.4.2",
			"resolved": "https://registry.npmjs.org/typescript/-/typescript-4.4.2.tgz",
			"integrity": "sha512-gzP+t5W4hdy4c+68bfcv0t400HVJMMd2+H9B7gae1nQlBzCqvrXX+6GL/b3GAgyTH966pzrZ70/fRjwAtZksSQ==",
			"dev": true,
			"bin": {
				"tsc": "bin/tsc",
				"tsserver": "bin/tsserver"
			},
			"engines": {
				"node": ">=4.2.0"
			}
		},
		"node_modules/web-streams-node": {
			"version": "0.4.0",
			"resolved": "https://registry.npmjs.org/web-streams-node/-/web-streams-node-0.4.0.tgz",
			"integrity": "sha512-u+PBQs8DFaBrN/bxCLFn21tO/ZP7EM3qA4FGzppoUCcZ5CaMbKOsN8uOp27ylVEsfrxcR2tsF6gWHI5M8bN73w==",
			"dependencies": {
				"is-stream": "^1.1.0",
				"readable-stream-node-to-web": "^1.0.1",
				"web-streams-ponyfill": "^1.4.1"
			}
		},
		"node_modules/web-streams-ponyfill": {
			"version": "1.4.2",
			"resolved": "https://registry.npmjs.org/web-streams-ponyfill/-/web-streams-ponyfill-1.4.2.tgz",
			"integrity": "sha512-LCHW+fE2UBJ2vjhqJujqmoxh1ytEDEr0dPO3CabMdMDJPKmsaxzS90V1Ar6LtNE5VHLqxR4YMEj1i4lzMAccIA=="
		}
	},
	"dependencies": {
		"@types/mime-types": {
			"version": "2.1.1",
			"resolved": "https://registry.npmjs.org/@types/mime-types/-/mime-types-2.1.1.tgz",
			"integrity": "sha512-vXOTGVSLR2jMw440moWTC7H19iUyLtP3Z1YTj7cSsubOICinjMxFeb/V57v9QdyyPGbbWolUFSSmSiRSn94tFw==",
			"dev": true
		},
		"@types/node": {
			"version": "16.7.5",
			"resolved": "https://registry.npmjs.org/@types/node/-/node-16.7.5.tgz",
			"integrity": "sha512-E7SpxDXoHEpmZ9C1gSqwadhE6zPRtf3g0gJy9Y51DsImnR5TcDs3QEiV/3Q7zOM8LWaZp5Gph71NK6ElVMG1IQ==",
			"dev": true
		},
		"is-stream": {
			"version": "1.1.0",
			"resolved": "https://registry.npmjs.org/is-stream/-/is-stream-1.1.0.tgz",
			"integrity": "sha1-EtSj3U5o4Lec6428hBc66A2RykQ="
		},
		"mime-db": {
			"version": "1.49.0",
			"resolved": "https://registry.npmjs.org/mime-db/-/mime-db-1.49.0.tgz",
			"integrity": "sha512-CIc8j9URtOVApSFCQIF+VBkX1RwXp/oMMOrqdyXSBXq5RWNEsRfyj1kiRnQgmNXmHxPoFIxOroKA3zcU9P+nAA=="
		},
		"mime-types": {
			"version": "2.1.32",
			"resolved": "https://registry.npmjs.org/mime-types/-/mime-types-2.1.32.tgz",
			"integrity": "sha512-hJGaVS4G4c9TSMYh2n6SQAGrC4RnfU+daP8G7cSCmaqNjiOoUY0VHCMS42pxnQmVF1GWwFhbHWn3RIxCqTmZ9A==",
			"requires": {
				"mime-db": "1.49.0"
			}
		},
		"readable-stream-node-to-web": {
			"version": "1.0.1",
			"resolved": "https://registry.npmjs.org/readable-stream-node-to-web/-/readable-stream-node-to-web-1.0.1.tgz",
			"integrity": "sha1-i3YU+qFGXr+g2pucpjA/onBzt88="
		},
		"typescript": {
			"version": "4.4.2",
			"resolved": "https://registry.npmjs.org/typescript/-/typescript-4.4.2.tgz",
			"integrity": "sha512-gzP+t5W4hdy4c+68bfcv0t400HVJMMd2+H9B7gae1nQlBzCqvrXX+6GL/b3GAgyTH966pzrZ70/fRjwAtZksSQ==",
			"dev": true
		},
		"web-streams-node": {
			"version": "0.4.0",
			"resolved": "https://registry.npmjs.org/web-streams-node/-/web-streams-node-0.4.0.tgz",
			"integrity": "sha512-u+PBQs8DFaBrN/bxCLFn21tO/ZP7EM3qA4FGzppoUCcZ5CaMbKOsN8uOp27ylVEsfrxcR2tsF6gWHI5M8bN73w==",
			"requires": {
				"is-stream": "^1.1.0",
				"readable-stream-node-to-web": "^1.0.1",
				"web-streams-ponyfill": "^1.4.1"
			}
		},
		"web-streams-ponyfill": {
			"version": "1.4.2",
			"resolved": "https://registry.npmjs.org/web-streams-ponyfill/-/web-streams-ponyfill-1.4.2.tgz",
			"integrity": "sha512-LCHW+fE2UBJ2vjhqJujqmoxh1ytEDEr0dPO3CabMdMDJPKmsaxzS90V1Ar6LtNE5VHLqxR4YMEj1i4lzMAccIA=="
		}
	}
}
