{
	"name": "testing",
	"version": "1.0.0",
	"lockfileVersion": 2,
	"requires": true,
	"packages": {
		"": {
			"version": "1.0.0",
			"license": "ISC",
			"devDependencies": {
				"@types/node": "^16.7.5",
				"typescript": "^4.4.2"
			}
		},
		"../common-file-system": {
			"version": "1.0.0",
			"extraneous": true,
			"license": "ISC",
			"dependencies": {
				"mime-types": "^2.1.32",
				"web-streams-node": "^0.4.0"
			},
			"devDependencies": {
				"@types/mime-types": "^2.1.1",
				"@types/node": "^16.7.5",
				"typescript": "^4.4.2"
			}
		},
		"../rtc-connection": {
			"version": "1.0.0",
			"extraneous": true,
			"license": "ISC",
			"dependencies": {
				"node-pre-gyp": "^0.17.0",
				"wrtc": "^0.4.7"
			},
			"devDependencies": {
				"@types/node": "^16.7.5",
				"typescript": "^4.4.2"
			}
		},
		"../rtc-controller": {
			"version": "1.0.0",
			"extraneous": true,
			"license": "ISC",
			"devDependencies": {
				"@types/node": "^16.7.5",
				"typescript": "^4.4.2"
			}
		},
		"../ws-domain": {
			"version": "1.0.0",
			"extraneous": true,
			"license": "ISC",
			"dependencies": {
				"build-url": "^6.0.1",
				"isomorphic-ws": "^4.0.1",
				"uuid": "^8.3.2",
				"ws": "^7.5.3"
			},
			"devDependencies": {
				"@types/node": "^16.7.5",
				"@types/uuid": "^8.3.1",
				"typescript": "^4.4.2"
			}
		},
		"node_modules/@types/node": {
			"version": "16.7.5",
			"resolved": "https://registry.npmjs.org/@types/node/-/node-16.7.5.tgz",
			"integrity": "sha512-E7SpxDXoHEpmZ9C1gSqwadhE6zPRtf3g0gJy9Y51DsImnR5TcDs3QEiV/3Q7zOM8LWaZp5Gph71NK6ElVMG1IQ==",
			"dev": true
		},
		"node_modules/common-file-system": {
			"resolved": "../common-file-system",
			"link": true
		},
		"node_modules/rtc-connection": {
			"resolved": "../rtc-connection",
			"link": true
		},
		"node_modules/rtc-controller": {
			"resolved": "../rtc-controller",
			"link": true
		},
		"node_modules/typescript": {
			"version": "4.4.2",
			"resolved": "https://registry.npmjs.org/typescript/-/typescript-4.4.2.tgz",
			"integrity": "sha512-gzP+t5W4hdy4c+68bfcv0t400HVJMMd2+H9B7gae1nQlBzCqvrXX+6GL/b3GAgyTH966pzrZ70/fRjwAtZksSQ==",
			"dev": true,
			"bin": {
				"tsc": "bin/tsc",
				"tsserver": "bin/tsserver"
			},
			"engines": {
				"node": ">=4.2.0"
			}
		},
		"node_modules/ws-domain": {
			"resolved": "../ws-domain",
			"link": true
		}
	},
	"dependencies": {
		"@types/node": {
			"version": "16.7.5",
			"resolved": "https://registry.npmjs.org/@types/node/-/node-16.7.5.tgz",
			"integrity": "sha512-E7SpxDXoHEpmZ9C1gSqwadhE6zPRtf3g0gJy9Y51DsImnR5TcDs3QEiV/3Q7zOM8LWaZp5Gph71NK6ElVMG1IQ==",
			"dev": true
		},
		"common-file-system": {
			"version": "file:../common-file-system",
			"extraneous": true,
			"requires": {
				"@types/mime-types": "^2.1.1",
				"@types/node": "^16.7.5",
				"mime-types": "^2.1.32",
				"typescript": "^4.4.2",
				"web-streams-node": "^0.4.0"
			}
		},
		"rtc-connection": {
			"version": "file:../rtc-connection",
			"extraneous": true,
			"requires": {
				"@types/node": "^16.7.5",
				"node-pre-gyp": "^0.17.0",
				"typescript": "^4.4.2",
				"wrtc": "^0.4.7"
			}
		},
		"rtc-controller": {
			"version": "file:../rtc-controller",
			"extraneous": true,
			"requires": {
				"@types/node": "^16.7.5",
				"typescript": "^4.4.2"
			}
		},
		"typescript": {
			"version": "4.4.2",
			"resolved": "https://registry.npmjs.org/typescript/-/typescript-4.4.2.tgz",
			"integrity": "sha512-gzP+t5W4hdy4c+68bfcv0t400HVJMMd2+H9B7gae1nQlBzCqvrXX+6GL/b3GAgyTH966pzrZ70/fRjwAtZksSQ==",
			"dev": true
		},
		"ws-domain": {
			"version": "file:../ws-domain",
			"extraneous": true,
			"requires": {
				"@types/node": "^16.7.5",
				"@types/uuid": "^8.3.1",
				"build-url": "^6.0.1",
				"isomorphic-ws": "^4.0.1",
				"typescript": "^4.4.2",
				"uuid": "^8.3.2",
				"ws": "^7.5.3"
			}
		}
	}
}
